
Microsoft Visual Studio Solution File, Format Version 12.00
# Visual Studio Version 17
VisualStudioVersion = 17.4.33403.182
MinimumVisualStudioVersion = 10.0.40219.1
Project("{FAE04EC0-301F-11D3-BF4B-00C04F79EFBC}") = "RoyalFinalApp", "RoyalFinalApp\RoyalFinalApp.csproj", "{255F6D64-C9AF-4C0E-B9F7-E0917018EB70}"
EndProject
Global
	GlobalSection(SolutionConfigurationPlatforms) = preSolution
		Debug|Any CPU = Debug|Any CPU
		Release|Any CPU = Release|Any CPU
	EndGlobalSection
	GlobalSection(ProjectConfigurationPlatforms) = postSolution
		{255F6D64-C9AF-4C0E-B9F7-E0917018EB70}.Debug|Any CPU.ActiveCfg = Debug|Any CPU
		{255F6D64-C9AF-4C0E-B9F7-E0917018EB70}.Debug|Any CPU.Build.0 = Debug|Any CPU
		{255F6D64-C9AF-4C0E-B9F7-E0917018EB70}.Release|Any CPU.ActiveCfg = Release|Any CPU
		{255F6D64-C9AF-4C0E-B9F7-E0917018EB70}.Release|Any CPU.Build.0 = Release|Any CPU
	EndGlobalSection
	GlobalSection(SolutionProperties) = preSolution
		HideSolutionNode = FALSE
	EndGlobalSection
	GlobalSection(ExtensibilityGlobals) = postSolution
		SolutionGuid = {C54CD2CF-F662-4055-99F7-EB224987A152}
	EndGlobalSection
EndGlobal
